
Microsoft Visual Studio Solution File, Format Version 12.00
# Visual Studio Version 17
VisualStudioVersion = 17.14.36127.28
MinimumVisualStudioVersion = 10.0.40219.1
Project("{FAE04EC0-301F-11D3-BF4B-00C04F79EFBC}") = "Protector.Visual", "SensotronicaIL\Protector.Visual.csproj", "{0716DE16-8EFB-400A-B8C9-A20908B0974E}"
EndProject
Project("{FAE04EC0-301F-11D3-BF4B-00C04F79EFBC}") = "TestProject", "TestProject\TestProject.csproj", "{5CCDDF85-9185-4E2D-9854-606E0DADF18B}"
EndProject
Project("{FAE04EC0-301F-11D3-BF4B-00C04F79EFBC}") = "ExternalDependency", "ExternalDependency\ExternalDependency.csproj", "{4B38FB05-5440-44F8-904D-EB821C9EADDB}"
EndProject
Project("{FAE04EC0-301F-11D3-BF4B-00C04F79EFBC}") = "Executor", "Executor\Executor.csproj", "{4B379C26-E738-43D9-8DA2-8A7BABADA9F8}"
EndProject
Project("{FAE04EC0-301F-11D3-BF4B-00C04F79EFBC}") = "Protector.Patcher", "Protector.Patcher\Protector.Patcher.csproj", "{4794B0C9-19F3-423E-A08A-B8B54228052A}"
EndProject
Global
	GlobalSection(SolutionConfigurationPlatforms) = preSolution
		Debug|Any CPU = Debug|Any CPU
		Release|Any CPU = Release|Any CPU
	EndGlobalSection
	GlobalSection(ProjectConfigurationPlatforms) = postSolution
		{0716DE16-8EFB-400A-B8C9-A20908B0974E}.Debug|Any CPU.ActiveCfg = Debug|Any CPU
		{0716DE16-8EFB-400A-B8C9-A20908B0974E}.Debug|Any CPU.Build.0 = Debug|Any CPU
		{0716DE16-8EFB-400A-B8C9-A20908B0974E}.Release|Any CPU.ActiveCfg = Release|Any CPU
		{0716DE16-8EFB-400A-B8C9-A20908B0974E}.Release|Any CPU.Build.0 = Release|Any CPU
		{5CCDDF85-9185-4E2D-9854-606E0DADF18B}.Debug|Any CPU.ActiveCfg = Debug|Any CPU
		{5CCDDF85-9185-4E2D-9854-606E0DADF18B}.Debug|Any CPU.Build.0 = Debug|Any CPU
		{5CCDDF85-9185-4E2D-9854-606E0DADF18B}.Release|Any CPU.ActiveCfg = Release|Any CPU
		{5CCDDF85-9185-4E2D-9854-606E0DADF18B}.Release|Any CPU.Build.0 = Release|Any CPU
		{4B38FB05-5440-44F8-904D-EB821C9EADDB}.Debug|Any CPU.ActiveCfg = Debug|Any CPU
		{4B38FB05-5440-44F8-904D-EB821C9EADDB}.Debug|Any CPU.Build.0 = Debug|Any CPU
		{4B38FB05-5440-44F8-904D-EB821C9EADDB}.Release|Any CPU.ActiveCfg = Release|Any CPU
		{4B38FB05-5440-44F8-904D-EB821C9EADDB}.Release|Any CPU.Build.0 = Release|Any CPU
		{4B379C26-E738-43D9-8DA2-8A7BABADA9F8}.Debug|Any CPU.ActiveCfg = Debug|Any CPU
		{4B379C26-E738-43D9-8DA2-8A7BABADA9F8}.Debug|Any CPU.Build.0 = Debug|Any CPU
		{4B379C26-E738-43D9-8DA2-8A7BABADA9F8}.Release|Any CPU.ActiveCfg = Release|Any CPU
		{4B379C26-E738-43D9-8DA2-8A7BABADA9F8}.Release|Any CPU.Build.0 = Release|Any CPU
		{4794B0C9-19F3-423E-A08A-B8B54228052A}.Debug|Any CPU.ActiveCfg = Debug|Any CPU
		{4794B0C9-19F3-423E-A08A-B8B54228052A}.Debug|Any CPU.Build.0 = Debug|Any CPU
		{4794B0C9-19F3-423E-A08A-B8B54228052A}.Release|Any CPU.ActiveCfg = Release|Any CPU
		{4794B0C9-19F3-423E-A08A-B8B54228052A}.Release|Any CPU.Build.0 = Release|Any CPU
	EndGlobalSection
	GlobalSection(SolutionProperties) = preSolution
		HideSolutionNode = FALSE
	EndGlobalSection
	GlobalSection(ExtensibilityGlobals) = postSolution
		SolutionGuid = {8F97CB89-752F-48E2-A29A-876B2B4E4491}
	EndGlobalSection
EndGlobal
